
Microsoft Visual Studio Solution File, Format Version 12.00
# Visual Studio Version 17
VisualStudioVersion = 17.6.33829.357
MinimumVisualStudioVersion = 10.0.40219.1
Project("{9A19103F-16F7-4668-BE54-9A1E7A4F7556}") = "JobApplicationSystem.WebApi", "JobApplicationSystem.WebApi.csproj", "{246256AF-5CD9-4DD8-B983-611BF3A51483}"
	ProjectSection(ProjectDependencies) = postProject
		{39A974A5-7666-4010-82B8-C1E67A9EA701} = {39A974A5-7666-4010-82B8-C1E67A9EA701}
	EndProjectSection
EndProject
Project("{9A19103F-16F7-4668-BE54-9A1E7A4F7556}") = "JobApplicationSystem.Infrastructure", "..\JobApplicationSystem.Infrastructure\JobApplicationSystem.Infrastructure.csproj", "{136C6E60-7ECE-4516-8F63-E2D840C1613D}"
EndProject
Project("{9A19103F-16F7-4668-BE54-9A1E7A4F7556}") = "JobApplicationSystem.Domain", "..\JobApplicationSystem.Domain\JobApplicationSystem.Domain.csproj", "{8C8ECA4A-A969-45F3-9E32-A6412A6FD76A}"
EndProject
Project("{9A19103F-16F7-4668-BE54-9A1E7A4F7556}") = "JobApplicationSystem.Application", "..\JobApplicationSystem.Application\JobApplicationSystem.Application.csproj", "{39A974A5-7666-4010-82B8-C1E67A9EA701}"
	ProjectSection(ProjectDependencies) = postProject
		{8C8ECA4A-A969-45F3-9E32-A6412A6FD76A} = {8C8ECA4A-A969-45F3-9E32-A6412A6FD76A}
	EndProjectSection
EndProject
Global
	GlobalSection(SolutionConfigurationPlatforms) = preSolution
		Debug|Any CPU = Debug|Any CPU
		Release|Any CPU = Release|Any CPU
	EndGlobalSection
	GlobalSection(ProjectConfigurationPlatforms) = postSolution
		{246256AF-5CD9-4DD8-B983-611BF3A51483}.Debug|Any CPU.ActiveCfg = Debug|Any CPU
		{246256AF-5CD9-4DD8-B983-611BF3A51483}.Debug|Any CPU.Build.0 = Debug|Any CPU
		{246256AF-5CD9-4DD8-B983-611BF3A51483}.Release|Any CPU.ActiveCfg = Release|Any CPU
		{246256AF-5CD9-4DD8-B983-611BF3A51483}.Release|Any CPU.Build.0 = Release|Any CPU
		{136C6E60-7ECE-4516-8F63-E2D840C1613D}.Debug|Any CPU.ActiveCfg = Debug|Any CPU
		{136C6E60-7ECE-4516-8F63-E2D840C1613D}.Debug|Any CPU.Build.0 = Debug|Any CPU
		{136C6E60-7ECE-4516-8F63-E2D840C1613D}.Release|Any CPU.ActiveCfg = Release|Any CPU
		{136C6E60-7ECE-4516-8F63-E2D840C1613D}.Release|Any CPU.Build.0 = Release|Any CPU
		{8C8ECA4A-A969-45F3-9E32-A6412A6FD76A}.Debug|Any CPU.ActiveCfg = Debug|Any CPU
		{8C8ECA4A-A969-45F3-9E32-A6412A6FD76A}.Debug|Any CPU.Build.0 = Debug|Any CPU
		{8C8ECA4A-A969-45F3-9E32-A6412A6FD76A}.Release|Any CPU.ActiveCfg = Release|Any CPU
		{8C8ECA4A-A969-45F3-9E32-A6412A6FD76A}.Release|Any CPU.Build.0 = Release|Any CPU
		{39A974A5-7666-4010-82B8-C1E67A9EA701}.Debug|Any CPU.ActiveCfg = Debug|Any CPU
		{39A974A5-7666-4010-82B8-C1E67A9EA701}.Debug|Any CPU.Build.0 = Debug|Any CPU
		{39A974A5-7666-4010-82B8-C1E67A9EA701}.Release|Any CPU.ActiveCfg = Release|Any CPU
		{39A974A5-7666-4010-82B8-C1E67A9EA701}.Release|Any CPU.Build.0 = Release|Any CPU
	EndGlobalSection
	GlobalSection(SolutionProperties) = preSolution
		HideSolutionNode = FALSE
	EndGlobalSection
	GlobalSection(ExtensibilityGlobals) = postSolution
		SolutionGuid = {D073EC04-11BC-488C-94B6-20F1C6A4666A}
	EndGlobalSection
EndGlobal
